
Microsoft Visual Studio Solution File, Format Version 12.00
# Visual Studio Version 16
VisualStudioVersion = 16.0.31702.278
MinimumVisualStudioVersion = 10.0.40219.1
Project("{FAE04EC0-301F-11D3-BF4B-00C04F79EFBC}") = "BubbleSortWPF", "BubbleSortWPF\BubbleSortWPF.csproj", "{57FFF6A0-29D6-4F2B-924A-7EDA839DA879}"
EndProject
Global
	GlobalSection(SolutionConfigurationPlatforms) = preSolution
		Debug|Any CPU = Debug|Any CPU
		Release|Any CPU = Release|Any CPU
	EndGlobalSection
	GlobalSection(ProjectConfigurationPlatforms) = postSolution
		{57FFF6A0-29D6-4F2B-924A-7EDA839DA879}.Debug|Any CPU.ActiveCfg = Debug|Any CPU
		{57FFF6A0-29D6-4F2B-924A-7EDA839DA879}.Debug|Any CPU.Build.0 = Debug|Any CPU
		{57FFF6A0-29D6-4F2B-924A-7EDA839DA879}.Release|Any CPU.ActiveCfg = Release|Any CPU
		{57FFF6A0-29D6-4F2B-924A-7EDA839DA879}.Release|Any CPU.Build.0 = Release|Any CPU
	EndGlobalSection
	GlobalSection(SolutionProperties) = preSolution
		HideSolutionNode = FALSE
	EndGlobalSection
	GlobalSection(ExtensibilityGlobals) = postSolution
		SolutionGuid = {391A2958-FF81-45BC-9DF4-9BF9750D5673}
	EndGlobalSection
EndGlobal
